
Microsoft Visual Studio Solution File, Format Version 12.00
# Visual Studio Version 17
VisualStudioVersion = 17.14.36109.1
MinimumVisualStudioVersion = 10.0.40219.1
Project("{FAE04EC0-301F-11D3-BF4B-00C04F79EFBC}") = "CarManagment", "CarManagment\CarManagment.csproj", "{062364D4-DA37-4815-9B0D-91E57098A73A}"
EndProject
Project("{FAE04EC0-301F-11D3-BF4B-00C04F79EFBC}") = "CarManagment.Data", "CarManagment.Data\CarManagment.Data.csproj", "{582ECA87-9A90-496E-B467-E1D5085A5124}"
EndProject
Project("{FAE04EC0-301F-11D3-BF4B-00C04F79EFBC}") = "CarManagment.Logic", "CarManagment.Logic\CarManagment.Logic.csproj", "{6CF303F2-760E-4405-A723-9229714B5BE0}"
EndProject
Global
	GlobalSection(SolutionConfigurationPlatforms) = preSolution
		Debug|Any CPU = Debug|Any CPU
		Release|Any CPU = Release|Any CPU
	EndGlobalSection
	GlobalSection(ProjectConfigurationPlatforms) = postSolution
		{062364D4-DA37-4815-9B0D-91E57098A73A}.Debug|Any CPU.ActiveCfg = Debug|Any CPU
		{062364D4-DA37-4815-9B0D-91E57098A73A}.Debug|Any CPU.Build.0 = Debug|Any CPU
		{062364D4-DA37-4815-9B0D-91E57098A73A}.Release|Any CPU.ActiveCfg = Release|Any CPU
		{062364D4-DA37-4815-9B0D-91E57098A73A}.Release|Any CPU.Build.0 = Release|Any CPU
		{582ECA87-9A90-496E-B467-E1D5085A5124}.Debug|Any CPU.ActiveCfg = Debug|Any CPU
		{582ECA87-9A90-496E-B467-E1D5085A5124}.Debug|Any CPU.Build.0 = Debug|Any CPU
		{582ECA87-9A90-496E-B467-E1D5085A5124}.Release|Any CPU.ActiveCfg = Release|Any CPU
		{582ECA87-9A90-496E-B467-E1D5085A5124}.Release|Any CPU.Build.0 = Release|Any CPU
		{6CF303F2-760E-4405-A723-9229714B5BE0}.Debug|Any CPU.ActiveCfg = Debug|Any CPU
		{6CF303F2-760E-4405-A723-9229714B5BE0}.Debug|Any CPU.Build.0 = Debug|Any CPU
		{6CF303F2-760E-4405-A723-9229714B5BE0}.Release|Any CPU.ActiveCfg = Release|Any CPU
		{6CF303F2-760E-4405-A723-9229714B5BE0}.Release|Any CPU.Build.0 = Release|Any CPU
	EndGlobalSection
	GlobalSection(SolutionProperties) = preSolution
		HideSolutionNode = FALSE
	EndGlobalSection
	GlobalSection(ExtensibilityGlobals) = postSolution
		SolutionGuid = {877D21E8-9F9D-4C60-88F8-08C8E59BD9EC}
	EndGlobalSection
EndGlobal
